
Microsoft Visual Studio Solution File, Format Version 12.00
Project("{FAE04EC0-301F-11D3-BF4B-00C04F79EFBC}") = "Shaykhullin.DependencyInjection.Core", "Shaykhullin.DependencyInjection.Core\Shaykhullin.DependencyInjection.Core.csproj", "{AD10F677-7FCF-411B-AFC5-AFF71AF9820A}"
EndProject
Project("{FAE04EC0-301F-11D3-BF4B-00C04F79EFBC}") = "Shaykhullin.DependencyInjection", "Shaykhullin.DependencyInjection\Shaykhullin.DependencyInjection.csproj", "{ACC4373F-E9AB-4DEB-8671-E84B3554A1E4}"
EndProject
Global
	GlobalSection(SolutionConfigurationPlatforms) = preSolution
		Debug|Any CPU = Debug|Any CPU
		Release|Any CPU = Release|Any CPU
	EndGlobalSection
	GlobalSection(ProjectConfigurationPlatforms) = postSolution
		{AD10F677-7FCF-411B-AFC5-AFF71AF9820A}.Release|Any CPU.ActiveCfg = Release|Any CPU
		{AD10F677-7FCF-411B-AFC5-AFF71AF9820A}.Release|Any CPU.Build.0 = Release|Any CPU
		{AD10F677-7FCF-411B-AFC5-AFF71AF9820A}.Debug|Any CPU.ActiveCfg = Release|Any CPU
		{AD10F677-7FCF-411B-AFC5-AFF71AF9820A}.Debug|Any CPU.Build.0 = Release|Any CPU
		{ACC4373F-E9AB-4DEB-8671-E84B3554A1E4}.Release|Any CPU.ActiveCfg = Release|Any CPU
		{ACC4373F-E9AB-4DEB-8671-E84B3554A1E4}.Release|Any CPU.Build.0 = Release|Any CPU
		{ACC4373F-E9AB-4DEB-8671-E84B3554A1E4}.Debug|Any CPU.ActiveCfg = Release|Any CPU
		{ACC4373F-E9AB-4DEB-8671-E84B3554A1E4}.Debug|Any CPU.Build.0 = Release|Any CPU
	EndGlobalSection
EndGlobal
